
Microsoft Visual Studio Solution File, Format Version 12.00
# Visual Studio Version 17
VisualStudioVersion = 17.0.32112.339
MinimumVisualStudioVersion = 10.0.40219.1
Project("{FAE04EC0-301F-11D3-BF4B-00C04F79EFBC}") = "SIT5-6", "SIT5-6\SIT5-6.csproj", "{989B7BA0-FD4F-4C35-ACCC-84F00C0F9425}"
EndProject
Global
	GlobalSection(SolutionConfigurationPlatforms) = preSolution
		Debug|Any CPU = Debug|Any CPU
		Release|Any CPU = Release|Any CPU
	EndGlobalSection
	GlobalSection(ProjectConfigurationPlatforms) = postSolution
		{989B7BA0-FD4F-4C35-ACCC-84F00C0F9425}.Debug|Any CPU.ActiveCfg = Debug|Any CPU
		{989B7BA0-FD4F-4C35-ACCC-84F00C0F9425}.Debug|Any CPU.Build.0 = Debug|Any CPU
		{989B7BA0-FD4F-4C35-ACCC-84F00C0F9425}.Release|Any CPU.ActiveCfg = Release|Any CPU
		{989B7BA0-FD4F-4C35-ACCC-84F00C0F9425}.Release|Any CPU.Build.0 = Release|Any CPU
	EndGlobalSection
	GlobalSection(SolutionProperties) = preSolution
		HideSolutionNode = FALSE
	EndGlobalSection
	GlobalSection(ExtensibilityGlobals) = postSolution
		SolutionGuid = {01441405-FF0F-4FB3-B2A1-4431716F14A5}
	EndGlobalSection
EndGlobal
